// !$*UTF8*$!
{
	archiveVersion = 1;
	classes = {
	};
	objectVersion = 56;
	objects = {

/* Begin PBXBuildFile section */
		893926182C067C7B003B575B /* NewWorkoutListView.swift in Sources */ = {isa = PBXBuildFile; fileRef = 893926172C067C7B003B575B /* NewWorkoutListView.swift */; };
		8939261A2C067C8C003B575B /* ProgramListView.swift in Sources */ = {isa = PBXBuildFile; fileRef = 893926192C067C8C003B575B /* ProgramListView.swift */; };
		8939261E2C067D30003B575B /* ProgramListRowView.swift in Sources */ = {isa = PBXBuildFile; fileRef = 8939261D2C067D30003B575B /* ProgramListRowView.swift */; };
		893926212C067DD1003B575B /* ProgramView.swift in Sources */ = {isa = PBXBuildFile; fileRef = 893926202C067DD1003B575B /* ProgramView.swift */; };
		893926232C067E2D003B575B /* ProgramModel.swift in Sources */ = {isa = PBXBuildFile; fileRef = 893926222C067E2D003B575B /* ProgramModel.swift */; };
		893926252C067E37003B575B /* WorkoutModel.swift in Sources */ = {isa = PBXBuildFile; fileRef = 893926242C067E36003B575B /* WorkoutModel.swift */; };
		893926272C067E47003B575B /* WorkoutView.swift in Sources */ = {isa = PBXBuildFile; fileRef = 893926262C067E47003B575B /* WorkoutView.swift */; };
		893926292C067E5C003B575B /* AddProgramView.swift in Sources */ = {isa = PBXBuildFile; fileRef = 893926282C067E5C003B575B /* AddProgramView.swift */; };
		8939262B2C067E7C003B575B /* AddWorkoutView.swift in Sources */ = {isa = PBXBuildFile; fileRef = 8939262A2C067E7C003B575B /* AddWorkoutView.swift */; };
		8945AC622AD7D7FD001CCE76 /* VitalFitApp.swift in Sources */ = {isa = PBXBuildFile; fileRef = 8945AC612AD7D7FD001CCE76 /* VitalFitApp.swift */; };
		8945AC662AD7D7FE001CCE76 /* Assets.xcassets in Resources */ = {isa = PBXBuildFile; fileRef = 8945AC652AD7D7FE001CCE76 /* Assets.xcassets */; };
		8945AC692AD7D7FE001CCE76 /* Preview Assets.xcassets in Resources */ = {isa = PBXBuildFile; fileRef = 8945AC682AD7D7FE001CCE76 /* Preview Assets.xcassets */; };
		8945AC732AD7D7FE001CCE76 /* VitalFitTests.swift in Sources */ = {isa = PBXBuildFile; fileRef = 8945AC722AD7D7FE001CCE76 /* VitalFitTests.swift */; };
		8945AC7D2AD7D7FE001CCE76 /* VitalFitUITests.swift in Sources */ = {isa = PBXBuildFile; fileRef = 8945AC7C2AD7D7FE001CCE76 /* VitalFitUITests.swift */; };
		8945AC7F2AD7D7FE001CCE76 /* VitalFitUITestsLaunchTests.swift in Sources */ = {isa = PBXBuildFile; fileRef = 8945AC7E2AD7D7FE001CCE76 /* VitalFitUITestsLaunchTests.swift */; };
		8945AC8F2AD7D82A001CCE76 /* ExerciseModel.swift in Sources */ = {isa = PBXBuildFile; fileRef = 8945AC8E2AD7D82A001CCE76 /* ExerciseModel.swift */; };
		8969FEE62AD7E785009AD3C2 /* HomeView.swift in Sources */ = {isa = PBXBuildFile; fileRef = 8969FEE52AD7E785009AD3C2 /* HomeView.swift */; };
		8969FEE82AD7E7F5009AD3C2 /* NewExerciseListView.swift in Sources */ = {isa = PBXBuildFile; fileRef = 8969FEE72AD7E7F5009AD3C2 /* NewExerciseListView.swift */; };
		8969FEEA2AD7E813009AD3C2 /* ViewModifiers.swift in Sources */ = {isa = PBXBuildFile; fileRef = 8969FEE92AD7E813009AD3C2 /* ViewModifiers.swift */; };
		8969FEEC2AD7E9AB009AD3C2 /* ExerciseListViewModel.swift in Sources */ = {isa = PBXBuildFile; fileRef = 8969FEEB2AD7E9AB009AD3C2 /* ExerciseListViewModel.swift */; };
		8969FEEE2AD7EA43009AD3C2 /* AddExerciseView.swift in Sources */ = {isa = PBXBuildFile; fileRef = 8969FEED2AD7EA43009AD3C2 /* AddExerciseView.swift */; };
		8969FEF02AD7EA5D009AD3C2 /* ExerciseListRowView.swift in Sources */ = {isa = PBXBuildFile; fileRef = 8969FEEF2AD7EA5D009AD3C2 /* ExerciseListRowView.swift */; };
		8969FEF22AD7EE8E009AD3C2 /* ExerciseView.swift in Sources */ = {isa = PBXBuildFile; fileRef = 8969FEF12AD7EE8E009AD3C2 /* ExerciseView.swift */; };
		8977215A2C0687A900DED12E /* WorkoutListViewModel.swift in Sources */ = {isa = PBXBuildFile; fileRef = 897721592C0687A900DED12E /* WorkoutListViewModel.swift */; };
		8977215C2C0687B400DED12E /* ProgramListViewModel.swift in Sources */ = {isa = PBXBuildFile; fileRef = 8977215B2C0687B400DED12E /* ProgramListViewModel.swift */; };
		8977215E2C0693B800DED12E /* WorkoutListRowView.swift in Sources */ = {isa = PBXBuildFile; fileRef = 8977215D2C0693B800DED12E /* WorkoutListRowView.swift */; };
		897721602C09975300DED12E /* Extensions.swift in Sources */ = {isa = PBXBuildFile; fileRef = 8977215F2C09975300DED12E /* Extensions.swift */; };
		897721622C099E8600DED12E /* SettingsView.swift in Sources */ = {isa = PBXBuildFile; fileRef = 897721612C099E8600DED12E /* SettingsView.swift */; };
		897721642C09AA2100DED12E /* Tasks in Resources */ = {isa = PBXBuildFile; fileRef = 897721632C09AA2100DED12E /* Tasks */; };
		897721662C0A7B8D00DED12E /* Notes in Resources */ = {isa = PBXBuildFile; fileRef = 897721652C0A7B8D00DED12E /* Notes */; };
		898F69822C30ED5600CA5952 /* NewProgramView.swift in Sources */ = {isa = PBXBuildFile; fileRef = 898F69812C30ED5500CA5952 /* NewProgramView.swift */; };
		898F69842C30F43F00CA5952 /* NewWorkoutView.swift in Sources */ = {isa = PBXBuildFile; fileRef = 898F69832C30F43F00CA5952 /* NewWorkoutView.swift */; };
		899B765E2C0C30270088FE9A /* WorkoutListView.swift in Sources */ = {isa = PBXBuildFile; fileRef = 899B765D2C0C30270088FE9A /* WorkoutListView.swift */; };
		899B76602C0C30E60088FE9A /* ExerciseListView.swift in Sources */ = {isa = PBXBuildFile; fileRef = 899B765F2C0C30E60088FE9A /* ExerciseListView.swift */; };
		899B76652C0D27A10088FE9A /* Documentation in Resources */ = {isa = PBXBuildFile; fileRef = 899B76642C0D27A10088FE9A /* Documentation */; };
		899B76672C0D2C920088FE9A /* DataProvider.swift in Sources */ = {isa = PBXBuildFile; fileRef = 899B76662C0D2C920088FE9A /* DataProvider.swift */; };
		899B76692C0D383A0088FE9A /* TestView.swift in Sources */ = {isa = PBXBuildFile; fileRef = 899B76682C0D383A0088FE9A /* TestView.swift */; };
/* End PBXBuildFile section */

/* Begin PBXContainerItemProxy section */
		8945AC6F2AD7D7FE001CCE76 /* PBXContainerItemProxy */ = {
			isa = PBXContainerItemProxy;
			containerPortal = 8945AC562AD7D7FD001CCE76 /* Project object */;
			proxyType = 1;
			remoteGlobalIDString = 8945AC5D2AD7D7FD001CCE76;
			remoteInfo = VitalFit;
		};
		8945AC792AD7D7FE001CCE76 /* PBXContainerItemProxy */ = {
			isa = PBXContainerItemProxy;
			containerPortal = 8945AC562AD7D7FD001CCE76 /* Project object */;
			proxyType = 1;
			remoteGlobalIDString = 8945AC5D2AD7D7FD001CCE76;
			remoteInfo = VitalFit;
		};
/* End PBXContainerItemProxy section */

/* Begin PBXFileReference section */
		893926172C067C7B003B575B /* NewWorkoutListView.swift */ = {isa = PBXFileReference; lastKnownFileType = sourcecode.swift; path = NewWorkoutListView.swift; sourceTree = "<group>"; };
		893926192C067C8C003B575B /* ProgramListView.swift */ = {isa = PBXFileReference; lastKnownFileType = sourcecode.swift; path = ProgramListView.swift; sourceTree = "<group>"; };
		8939261D2C067D30003B575B /* ProgramListRowView.swift */ = {isa = PBXFileReference; lastKnownFileType = sourcecode.swift; path = ProgramListRowView.swift; sourceTree = "<group>"; };
		893926202C067DD1003B575B /* ProgramView.swift */ = {isa = PBXFileReference; lastKnownFileType = sourcecode.swift; path = ProgramView.swift; sourceTree = "<group>"; };
		893926222C067E2D003B575B /* ProgramModel.swift */ = {isa = PBXFileReference; lastKnownFileType = sourcecode.swift; path = ProgramModel.swift; sourceTree = "<group>"; };
		893926242C067E36003B575B /* WorkoutModel.swift */ = {isa = PBXFileReference; lastKnownFileType = sourcecode.swift; path = WorkoutModel.swift; sourceTree = "<group>"; };
		893926262C067E47003B575B /* WorkoutView.swift */ = {isa = PBXFileReference; lastKnownFileType = sourcecode.swift; path = WorkoutView.swift; sourceTree = "<group>"; };
		893926282C067E5C003B575B /* AddProgramView.swift */ = {isa = PBXFileReference; lastKnownFileType = sourcecode.swift; path = AddProgramView.swift; sourceTree = "<group>"; };
		8939262A2C067E7C003B575B /* AddWorkoutView.swift */ = {isa = PBXFileReference; lastKnownFileType = sourcecode.swift; path = AddWorkoutView.swift; sourceTree = "<group>"; };
		8945AC5E2AD7D7FD001CCE76 /* VitalFit.app */ = {isa = PBXFileReference; explicitFileType = wrapper.application; includeInIndex = 0; path = VitalFit.app; sourceTree = BUILT_PRODUCTS_DIR; };
		8945AC612AD7D7FD001CCE76 /* VitalFitApp.swift */ = {isa = PBXFileReference; lastKnownFileType = sourcecode.swift; path = VitalFitApp.swift; sourceTree = "<group>"; };
		8945AC652AD7D7FE001CCE76 /* Assets.xcassets */ = {isa = PBXFileReference; lastKnownFileType = folder.assetcatalog; path = Assets.xcassets; sourceTree = "<group>"; };
		8945AC682AD7D7FE001CCE76 /* Preview Assets.xcassets */ = {isa = PBXFileReference; lastKnownFileType = folder.assetcatalog; path = "Preview Assets.xcassets"; sourceTree = "<group>"; };
		8945AC6E2AD7D7FE001CCE76 /* VitalFitTests.xctest */ = {isa = PBXFileReference; explicitFileType = wrapper.cfbundle; includeInIndex = 0; path = VitalFitTests.xctest; sourceTree = BUILT_PRODUCTS_DIR; };
		8945AC722AD7D7FE001CCE76 /* VitalFitTests.swift */ = {isa = PBXFileReference; lastKnownFileType = sourcecode.swift; path = VitalFitTests.swift; sourceTree = "<group>"; };
		8945AC782AD7D7FE001CCE76 /* VitalFitUITests.xctest */ = {isa = PBXFileReference; explicitFileType = wrapper.cfbundle; includeInIndex = 0; path = VitalFitUITests.xctest; sourceTree = BUILT_PRODUCTS_DIR; };
		8945AC7C2AD7D7FE001CCE76 /* VitalFitUITests.swift */ = {isa = PBXFileReference; lastKnownFileType = sourcecode.swift; path = VitalFitUITests.swift; sourceTree = "<group>"; };
		8945AC7E2AD7D7FE001CCE76 /* VitalFitUITestsLaunchTests.swift */ = {isa = PBXFileReference; lastKnownFileType = sourcecode.swift; path = VitalFitUITestsLaunchTests.swift; sourceTree = "<group>"; };
		8945AC8E2AD7D82A001CCE76 /* ExerciseModel.swift */ = {isa = PBXFileReference; lastKnownFileType = sourcecode.swift; path = ExerciseModel.swift; sourceTree = "<group>"; };
		8969FEE52AD7E785009AD3C2 /* HomeView.swift */ = {isa = PBXFileReference; lastKnownFileType = sourcecode.swift; path = HomeView.swift; sourceTree = "<group>"; };
		8969FEE72AD7E7F5009AD3C2 /* NewExerciseListView.swift */ = {isa = PBXFileReference; lastKnownFileType = sourcecode.swift; path = NewExerciseListView.swift; sourceTree = "<group>"; };
		8969FEE92AD7E813009AD3C2 /* ViewModifiers.swift */ = {isa = PBXFileReference; lastKnownFileType = sourcecode.swift; path = ViewModifiers.swift; sourceTree = "<group>"; };
		8969FEEB2AD7E9AB009AD3C2 /* ExerciseListViewModel.swift */ = {isa = PBXFileReference; lastKnownFileType = sourcecode.swift; path = ExerciseListViewModel.swift; sourceTree = "<group>"; };
		8969FEED2AD7EA43009AD3C2 /* AddExerciseView.swift */ = {isa = PBXFileReference; lastKnownFileType = sourcecode.swift; path = AddExerciseView.swift; sourceTree = "<group>"; };
		8969FEEF2AD7EA5D009AD3C2 /* ExerciseListRowView.swift */ = {isa = PBXFileReference; lastKnownFileType = sourcecode.swift; path = ExerciseListRowView.swift; sourceTree = "<group>"; };
		8969FEF12AD7EE8E009AD3C2 /* ExerciseView.swift */ = {isa = PBXFileReference; lastKnownFileType = sourcecode.swift; path = ExerciseView.swift; sourceTree = "<group>"; };
		897721592C0687A900DED12E /* WorkoutListViewModel.swift */ = {isa = PBXFileReference; lastKnownFileType = sourcecode.swift; path = WorkoutListViewModel.swift; sourceTree = "<group>"; };
		8977215B2C0687B400DED12E /* ProgramListViewModel.swift */ = {isa = PBXFileReference; lastKnownFileType = sourcecode.swift; path = ProgramListViewModel.swift; sourceTree = "<group>"; };
		8977215D2C0693B800DED12E /* WorkoutListRowView.swift */ = {isa = PBXFileReference; lastKnownFileType = sourcecode.swift; path = WorkoutListRowView.swift; sourceTree = "<group>"; };
		8977215F2C09975300DED12E /* Extensions.swift */ = {isa = PBXFileReference; lastKnownFileType = sourcecode.swift; path = Extensions.swift; sourceTree = "<group>"; };
		897721612C099E8600DED12E /* SettingsView.swift */ = {isa = PBXFileReference; lastKnownFileType = sourcecode.swift; path = SettingsView.swift; sourceTree = "<group>"; };
		897721632C09AA2100DED12E /* Tasks */ = {isa = PBXFileReference; lastKnownFileType = text; path = Tasks; sourceTree = "<group>"; };
		897721652C0A7B8D00DED12E /* Notes */ = {isa = PBXFileReference; lastKnownFileType = text; path = Notes; sourceTree = "<group>"; };
		898F69812C30ED5500CA5952 /* NewProgramView.swift */ = {isa = PBXFileReference; lastKnownFileType = sourcecode.swift; path = NewProgramView.swift; sourceTree = "<group>"; };
		898F69832C30F43F00CA5952 /* NewWorkoutView.swift */ = {isa = PBXFileReference; lastKnownFileType = sourcecode.swift; path = NewWorkoutView.swift; sourceTree = "<group>"; };
		899B765D2C0C30270088FE9A /* WorkoutListView.swift */ = {isa = PBXFileReference; lastKnownFileType = sourcecode.swift; path = WorkoutListView.swift; sourceTree = "<group>"; };
		899B765F2C0C30E60088FE9A /* ExerciseListView.swift */ = {isa = PBXFileReference; lastKnownFileType = sourcecode.swift; path = ExerciseListView.swift; sourceTree = "<group>"; };
		899B76642C0D27A10088FE9A /* Documentation */ = {isa = PBXFileReference; lastKnownFileType = text; path = Documentation; sourceTree = "<group>"; };
		899B76662C0D2C920088FE9A /* DataProvider.swift */ = {isa = PBXFileReference; lastKnownFileType = sourcecode.swift; path = DataProvider.swift; sourceTree = "<group>"; };
		899B76682C0D383A0088FE9A /* TestView.swift */ = {isa = PBXFileReference; lastKnownFileType = sourcecode.swift; path = TestView.swift; sourceTree = "<group>"; };
/* End PBXFileReference section */

/* Begin PBXFrameworksBuildPhase section */
		8945AC5B2AD7D7FD001CCE76 /* Frameworks */ = {
			isa = PBXFrameworksBuildPhase;
			buildActionMask = 2147483647;
			files = (
			);
			runOnlyForDeploymentPostprocessing = 0;
		};
		8945AC6B2AD7D7FE001CCE76 /* Frameworks */ = {
			isa = PBXFrameworksBuildPhase;
			buildActionMask = 2147483647;
			files = (
			);
			runOnlyForDeploymentPostprocessing = 0;
		};
		8945AC752AD7D7FE001CCE76 /* Frameworks */ = {
			isa = PBXFrameworksBuildPhase;
			buildActionMask = 2147483647;
			files = (
			);
			runOnlyForDeploymentPostprocessing = 0;
		};
/* End PBXFrameworksBuildPhase section */

/* Begin PBXGroup section */
		8945AC552AD7D7FD001CCE76 = {
			isa = PBXGroup;
			children = (
				8945AC602AD7D7FD001CCE76 /* VitalFit */,
				8945AC712AD7D7FE001CCE76 /* VitalFitTests */,
				8945AC7B2AD7D7FE001CCE76 /* VitalFitUITests */,
				8945AC5F2AD7D7FD001CCE76 /* Products */,
			);
			sourceTree = "<group>";
		};
		8945AC5F2AD7D7FD001CCE76 /* Products */ = {
			isa = PBXGroup;
			children = (
				8945AC5E2AD7D7FD001CCE76 /* VitalFit.app */,
				8945AC6E2AD7D7FE001CCE76 /* VitalFitTests.xctest */,
				8945AC782AD7D7FE001CCE76 /* VitalFitUITests.xctest */,
			);
			name = Products;
			sourceTree = "<group>";
		};
		8945AC602AD7D7FD001CCE76 /* VitalFit */ = {
			isa = PBXGroup;
			children = (
				8945AC612AD7D7FD001CCE76 /* VitalFitApp.swift */,
				899B76612C0C77750088FE9A /* Supporting Files */,
				8945AC8B2AD7D811001CCE76 /* Models */,
				8945AC8C2AD7D819001CCE76 /* View Models */,
				8945AC8D2AD7D81E001CCE76 /* Views */,
				8945AC672AD7D7FE001CCE76 /* Preview Content */,
			);
			path = VitalFit;
			sourceTree = "<group>";
		};
		8945AC672AD7D7FE001CCE76 /* Preview Content */ = {
			isa = PBXGroup;
			children = (
				8945AC682AD7D7FE001CCE76 /* Preview Assets.xcassets */,
			);
			path = "Preview Content";
			sourceTree = "<group>";
		};
		8945AC712AD7D7FE001CCE76 /* VitalFitTests */ = {
			isa = PBXGroup;
			children = (
				8945AC722AD7D7FE001CCE76 /* VitalFitTests.swift */,
			);
			path = VitalFitTests;
			sourceTree = "<group>";
		};
		8945AC7B2AD7D7FE001CCE76 /* VitalFitUITests */ = {
			isa = PBXGroup;
			children = (
				8945AC7C2AD7D7FE001CCE76 /* VitalFitUITests.swift */,
				8945AC7E2AD7D7FE001CCE76 /* VitalFitUITestsLaunchTests.swift */,
			);
			path = VitalFitUITests;
			sourceTree = "<group>";
		};
		8945AC8B2AD7D811001CCE76 /* Models */ = {
			isa = PBXGroup;
			children = (
				8945AC8E2AD7D82A001CCE76 /* ExerciseModel.swift */,
				893926242C067E36003B575B /* WorkoutModel.swift */,
				893926222C067E2D003B575B /* ProgramModel.swift */,
				899B76662C0D2C920088FE9A /* DataProvider.swift */,
			);
			path = Models;
			sourceTree = "<group>";
		};
		8945AC8C2AD7D819001CCE76 /* View Models */ = {
			isa = PBXGroup;
			children = (
				8969FEEB2AD7E9AB009AD3C2 /* ExerciseListViewModel.swift */,
				897721592C0687A900DED12E /* WorkoutListViewModel.swift */,
				8977215B2C0687B400DED12E /* ProgramListViewModel.swift */,
			);
			path = "View Models";
			sourceTree = "<group>";
		};
		8945AC8D2AD7D81E001CCE76 /* Views */ = {
			isa = PBXGroup;
			children = (
				8969FEE92AD7E813009AD3C2 /* ViewModifiers.swift */,
				8977215F2C09975300DED12E /* Extensions.swift */,
				897721612C099E8600DED12E /* SettingsView.swift */,
				8969FEE52AD7E785009AD3C2 /* HomeView.swift */,
				893926192C067C8C003B575B /* ProgramListView.swift */,
				8969FEE72AD7E7F5009AD3C2 /* NewExerciseListView.swift */,
				899B765F2C0C30E60088FE9A /* ExerciseListView.swift */,
				8969FEEF2AD7EA5D009AD3C2 /* ExerciseListRowView.swift */,
				8969FEF12AD7EE8E009AD3C2 /* ExerciseView.swift */,
				8969FEED2AD7EA43009AD3C2 /* AddExerciseView.swift */,
				8939261D2C067D30003B575B /* ProgramListRowView.swift */,
				893926202C067DD1003B575B /* ProgramView.swift */,
				893926282C067E5C003B575B /* AddProgramView.swift */,
				898F69812C30ED5500CA5952 /* NewProgramView.swift */,
				893926172C067C7B003B575B /* NewWorkoutListView.swift */,
				899B765D2C0C30270088FE9A /* WorkoutListView.swift */,
				8977215D2C0693B800DED12E /* WorkoutListRowView.swift */,
				893926262C067E47003B575B /* WorkoutView.swift */,
				8939262A2C067E7C003B575B /* AddWorkoutView.swift */,
				898F69832C30F43F00CA5952 /* NewWorkoutView.swift */,
				899B76682C0D383A0088FE9A /* TestView.swift */,
			);
			path = Views;
			sourceTree = "<group>";
		};
		899B76612C0C77750088FE9A /* Supporting Files */ = {
			isa = PBXGroup;
			children = (
				8945AC652AD7D7FE001CCE76 /* Assets.xcassets */,
				899B76642C0D27A10088FE9A /* Documentation */,
				897721652C0A7B8D00DED12E /* Notes */,
				897721632C09AA2100DED12E /* Tasks */,
			);
			path = "Supporting Files";
			sourceTree = "<group>";
		};
/* End PBXGroup section */

/* Begin PBXNativeTarget section */
		8945AC5D2AD7D7FD001CCE76 /* VitalFit */ = {
			isa = PBXNativeTarget;
			buildConfigurationList = 8945AC822AD7D7FE001CCE76 /* Build configuration list for PBXNativeTarget "VitalFit" */;
			buildPhases = (
				8945AC5A2AD7D7FD001CCE76 /* Sources */,
				8945AC5B2AD7D7FD001CCE76 /* Frameworks */,
				8945AC5C2AD7D7FD001CCE76 /* Resources */,
			);
			buildRules = (
			);
			dependencies = (
			);
			name = VitalFit;
			productName = VitalFit;
			productReference = 8945AC5E2AD7D7FD001CCE76 /* VitalFit.app */;
			productType = "com.apple.product-type.application";
		};
		8945AC6D2AD7D7FE001CCE76 /* VitalFitTests */ = {
			isa = PBXNativeTarget;
			buildConfigurationList = 8945AC852AD7D7FE001CCE76 /* Build configuration list for PBXNativeTarget "VitalFitTests" */;
			buildPhases = (
				8945AC6A2AD7D7FE001CCE76 /* Sources */,
				8945AC6B2AD7D7FE001CCE76 /* Frameworks */,
				8945AC6C2AD7D7FE001CCE76 /* Resources */,
			);
			buildRules = (
			);
			dependencies = (
				8945AC702AD7D7FE001CCE76 /* PBXTargetDependency */,
			);
			name = VitalFitTests;
			productName = VitalFitTests;
			productReference = 8945AC6E2AD7D7FE001CCE76 /* VitalFitTests.xctest */;
			productType = "com.apple.product-type.bundle.unit-test";
		};
		8945AC772AD7D7FE001CCE76 /* VitalFitUITests */ = {
			isa = PBXNativeTarget;
			buildConfigurationList = 8945AC882AD7D7FE001CCE76 /* Build configuration list for PBXNativeTarget "VitalFitUITests" */;
			buildPhases = (
				8945AC742AD7D7FE001CCE76 /* Sources */,
				8945AC752AD7D7FE001CCE76 /* Frameworks */,
				8945AC762AD7D7FE001CCE76 /* Resources */,
			);
			buildRules = (
			);
			dependencies = (
				8945AC7A2AD7D7FE001CCE76 /* PBXTargetDependency */,
			);
			name = VitalFitUITests;
			productName = VitalFitUITests;
			productReference = 8945AC782AD7D7FE001CCE76 /* VitalFitUITests.xctest */;
			productType = "com.apple.product-type.bundle.ui-testing";
		};
/* End PBXNativeTarget section */

/* Begin PBXProject section */
		8945AC562AD7D7FD001CCE76 /* Project object */ = {
			isa = PBXProject;
			attributes = {
				BuildIndependentTargetsInParallel = 1;
				LastSwiftUpdateCheck = 1500;
				LastUpgradeCheck = 1500;
				TargetAttributes = {
					8945AC5D2AD7D7FD001CCE76 = {
						CreatedOnToolsVersion = 15.0;
					};
					8945AC6D2AD7D7FE001CCE76 = {
						CreatedOnToolsVersion = 15.0;
						TestTargetID = 8945AC5D2AD7D7FD001CCE76;
					};
					8945AC772AD7D7FE001CCE76 = {
						CreatedOnToolsVersion = 15.0;
						TestTargetID = 8945AC5D2AD7D7FD001CCE76;
					};
				};
			};
			buildConfigurationList = 8945AC592AD7D7FD001CCE76 /* Build configuration list for PBXProject "VitalFit" */;
			compatibilityVersion = "Xcode 14.0";
			developmentRegion = en;
			hasScannedForEncodings = 0;
			knownRegions = (
				en,
				Base,
			);
			mainGroup = 8945AC552AD7D7FD001CCE76;
			productRefGroup = 8945AC5F2AD7D7FD001CCE76 /* Products */;
			projectDirPath = "";
			projectRoot = "";
			targets = (
				8945AC5D2AD7D7FD001CCE76 /* VitalFit */,
				8945AC6D2AD7D7FE001CCE76 /* VitalFitTests */,
				8945AC772AD7D7FE001CCE76 /* VitalFitUITests */,
			);
		};
/* End PBXProject section */

/* Begin PBXResourcesBuildPhase section */
		8945AC5C2AD7D7FD001CCE76 /* Resources */ = {
			isa = PBXResourcesBuildPhase;
			buildActionMask = 2147483647;
			files = (
				897721642C09AA2100DED12E /* Tasks in Resources */,
				8945AC692AD7D7FE001CCE76 /* Preview Assets.xcassets in Resources */,
				897721662C0A7B8D00DED12E /* Notes in Resources */,
				899B76652C0D27A10088FE9A /* Documentation in Resources */,
				8945AC662AD7D7FE001CCE76 /* Assets.xcassets in Resources */,
			);
			runOnlyForDeploymentPostprocessing = 0;
		};
		8945AC6C2AD7D7FE001CCE76 /* Resources */ = {
			isa = PBXResourcesBuildPhase;
			buildActionMask = 2147483647;
			files = (
			);
			runOnlyForDeploymentPostprocessing = 0;
		};
		8945AC762AD7D7FE001CCE76 /* Resources */ = {
			isa = PBXResourcesBuildPhase;
			buildActionMask = 2147483647;
			files = (
			);
			runOnlyForDeploymentPostprocessing = 0;
		};
/* End PBXResourcesBuildPhase section */

/* Begin PBXSourcesBuildPhase section */
		8945AC5A2AD7D7FD001CCE76 /* Sources */ = {
			isa = PBXSourcesBuildPhase;
			buildActionMask = 2147483647;
			files = (
				8939261E2C067D30003B575B /* ProgramListRowView.swift in Sources */,
				897721622C099E8600DED12E /* SettingsView.swift in Sources */,
				899B765E2C0C30270088FE9A /* WorkoutListView.swift in Sources */,
				893926212C067DD1003B575B /* ProgramView.swift in Sources */,
				893926232C067E2D003B575B /* ProgramModel.swift in Sources */,
				8969FEEC2AD7E9AB009AD3C2 /* ExerciseListViewModel.swift in Sources */,
				8969FEEA2AD7E813009AD3C2 /* ViewModifiers.swift in Sources */,
				893926182C067C7B003B575B /* NewWorkoutListView.swift in Sources */,
				899B76602C0C30E60088FE9A /* ExerciseListView.swift in Sources */,
				8977215E2C0693B800DED12E /* WorkoutListRowView.swift in Sources */,
				8969FEE82AD7E7F5009AD3C2 /* NewExerciseListView.swift in Sources */,
				8969FEF22AD7EE8E009AD3C2 /* ExerciseView.swift in Sources */,
				899B76672C0D2C920088FE9A /* DataProvider.swift in Sources */,
				898F69842C30F43F00CA5952 /* NewWorkoutView.swift in Sources */,
				897721602C09975300DED12E /* Extensions.swift in Sources */,
				8977215A2C0687A900DED12E /* WorkoutListViewModel.swift in Sources */,
				8969FEF02AD7EA5D009AD3C2 /* ExerciseListRowView.swift in Sources */,
				898F69822C30ED5600CA5952 /* NewProgramView.swift in Sources */,
				893926292C067E5C003B575B /* AddProgramView.swift in Sources */,
				893926272C067E47003B575B /* WorkoutView.swift in Sources */,
				893926252C067E37003B575B /* WorkoutModel.swift in Sources */,
				8939262B2C067E7C003B575B /* AddWorkoutView.swift in Sources */,
				8969FEEE2AD7EA43009AD3C2 /* AddExerciseView.swift in Sources */,
				8939261A2C067C8C003B575B /* ProgramListView.swift in Sources */,
				8969FEE62AD7E785009AD3C2 /* HomeView.swift in Sources */,
				8945AC8F2AD7D82A001CCE76 /* ExerciseModel.swift in Sources */,
				899B76692C0D383A0088FE9A /* TestView.swift in Sources */,
				8945AC622AD7D7FD001CCE76 /* VitalFitApp.swift in Sources */,
				8977215C2C0687B400DED12E /* ProgramListViewModel.swift in Sources */,
			);
			runOnlyForDeploymentPostprocessing = 0;
		};
		8945AC6A2AD7D7FE001CCE76 /* Sources */ = {
			isa = PBXSourcesBuildPhase;
			buildActionMask = 2147483647;
			files = (
				8945AC732AD7D7FE001CCE76 /* VitalFitTests.swift in Sources */,
			);
			runOnlyForDeploymentPostprocessing = 0;
		};
		8945AC742AD7D7FE001CCE76 /* Sources */ = {
			isa = PBXSourcesBuildPhase;
			buildActionMask = 2147483647;
			files = (
				8945AC7F2AD7D7FE001CCE76 /* VitalFitUITestsLaunchTests.swift in Sources */,
				8945AC7D2AD7D7FE001CCE76 /* VitalFitUITests.swift in Sources */,
			);
			runOnlyForDeploymentPostprocessing = 0;
		};
/* End PBXSourcesBuildPhase section */

/* Begin PBXTargetDependency section */
		8945AC702AD7D7FE001CCE76 /* PBXTargetDependency */ = {
			isa = PBXTargetDependency;
			target = 8945AC5D2AD7D7FD001CCE76 /* VitalFit */;
			targetProxy = 8945AC6F2AD7D7FE001CCE76 /* PBXContainerItemProxy */;
		};
		8945AC7A2AD7D7FE001CCE76 /* PBXTargetDependency */ = {
			isa = PBXTargetDependency;
			target = 8945AC5D2AD7D7FD001CCE76 /* VitalFit */;
			targetProxy = 8945AC792AD7D7FE001CCE76 /* PBXContainerItemProxy */;
		};
/* End PBXTargetDependency section */

/* Begin XCBuildConfiguration section */
		8945AC802AD7D7FE001CCE76 /* Debug */ = {
			isa = XCBuildConfiguration;
			buildSettings = {
				ALWAYS_SEARCH_USER_PATHS = NO;
				ASSETCATALOG_COMPILER_GENERATE_SWIFT_ASSET_SYMBOL_EXTENSIONS = YES;
				CLANG_ANALYZER_NONNULL = YES;
				CLANG_ANALYZER_NUMBER_OBJECT_CONVERSION = YES_AGGRESSIVE;
				CLANG_CXX_LANGUAGE_STANDARD = "gnu++20";
				CLANG_ENABLE_MODULES = YES;
				CLANG_ENABLE_OBJC_ARC = YES;
				CLANG_ENABLE_OBJC_WEAK = YES;
				CLANG_WARN_BLOCK_CAPTURE_AUTORELEASING = YES;
				CLANG_WARN_BOOL_CONVERSION = YES;
				CLANG_WARN_COMMA = YES;
				CLANG_WARN_CONSTANT_CONVERSION = YES;
				CLANG_WARN_DEPRECATED_OBJC_IMPLEMENTATIONS = YES;
				CLANG_WARN_DIRECT_OBJC_ISA_USAGE = YES_ERROR;
				CLANG_WARN_DOCUMENTATION_COMMENTS = YES;
				CLANG_WARN_EMPTY_BODY = YES;
				CLANG_WARN_ENUM_CONVERSION = YES;
				CLANG_WARN_INFINITE_RECURSION = YES;
				CLANG_WARN_INT_CONVERSION = YES;
				CLANG_WARN_NON_LITERAL_NULL_CONVERSION = YES;
				CLANG_WARN_OBJC_IMPLICIT_RETAIN_SELF = YES;
				CLANG_WARN_OBJC_LITERAL_CONVERSION = YES;
				CLANG_WARN_OBJC_ROOT_CLASS = YES_ERROR;
				CLANG_WARN_QUOTED_INCLUDE_IN_FRAMEWORK_HEADER = YES;
				CLANG_WARN_RANGE_LOOP_ANALYSIS = YES;
				CLANG_WARN_STRICT_PROTOTYPES = YES;
				CLANG_WARN_SUSPICIOUS_MOVE = YES;
				CLANG_WARN_UNGUARDED_AVAILABILITY = YES_AGGRESSIVE;
				CLANG_WARN_UNREACHABLE_CODE = YES;
				CLANG_WARN__DUPLICATE_METHOD_MATCH = YES;
				COPY_PHASE_STRIP = NO;
				DEBUG_INFORMATION_FORMAT = dwarf;
				ENABLE_STRICT_OBJC_MSGSEND = YES;
				ENABLE_TESTABILITY = YES;
				ENABLE_USER_SCRIPT_SANDBOXING = YES;
				GCC_C_LANGUAGE_STANDARD = gnu17;
				GCC_DYNAMIC_NO_PIC = NO;
				GCC_NO_COMMON_BLOCKS = YES;
				GCC_OPTIMIZATION_LEVEL = 0;
				GCC_PREPROCESSOR_DEFINITIONS = (
					"DEBUG=1",
					"$(inherited)",
				);
				GCC_WARN_64_TO_32_BIT_CONVERSION = YES;
				GCC_WARN_ABOUT_RETURN_TYPE = YES_ERROR;
				GCC_WARN_UNDECLARED_SELECTOR = YES;
				GCC_WARN_UNINITIALIZED_AUTOS = YES_AGGRESSIVE;
				GCC_WARN_UNUSED_FUNCTION = YES;
				GCC_WARN_UNUSED_VARIABLE = YES;
				IPHONEOS_DEPLOYMENT_TARGET = 17.0;
				LOCALIZATION_PREFERS_STRING_CATALOGS = YES;
				MTL_ENABLE_DEBUG_INFO = INCLUDE_SOURCE;
				MTL_FAST_MATH = YES;
				ONLY_ACTIVE_ARCH = YES;
				SDKROOT = iphoneos;
				SWIFT_ACTIVE_COMPILATION_CONDITIONS = "DEBUG $(inherited)";
				SWIFT_OPTIMIZATION_LEVEL = "-Onone";
			};
			name = Debug;
		};
		8945AC812AD7D7FE001CCE76 /* Release */ = {
			isa = XCBuildConfiguration;
			buildSettings = {
				ALWAYS_SEARCH_USER_PATHS = NO;
				ASSETCATALOG_COMPILER_GENERATE_SWIFT_ASSET_SYMBOL_EXTENSIONS = YES;
				CLANG_ANALYZER_NONNULL = YES;
				CLANG_ANALYZER_NUMBER_OBJECT_CONVERSION = YES_AGGRESSIVE;
				CLANG_CXX_LANGUAGE_STANDARD = "gnu++20";
				CLANG_ENABLE_MODULES = YES;
				CLANG_ENABLE_OBJC_ARC = YES;
				CLANG_ENABLE_OBJC_WEAK = YES;
				CLANG_WARN_BLOCK_CAPTURE_AUTORELEASING = YES;
				CLANG_WARN_BOOL_CONVERSION = YES;
				CLANG_WARN_COMMA = YES;
				CLANG_WARN_CONSTANT_CONVERSION = YES;
				CLANG_WARN_DEPRECATED_OBJC_IMPLEMENTATIONS = YES;
				CLANG_WARN_DIRECT_OBJC_ISA_USAGE = YES_ERROR;
				CLANG_WARN_DOCUMENTATION_COMMENTS = YES;
				CLANG_WARN_EMPTY_BODY = YES;
				CLANG_WARN_ENUM_CONVERSION = YES;
				CLANG_WARN_INFINITE_RECURSION = YES;
				CLANG_WARN_INT_CONVERSION = YES;
				CLANG_WARN_NON_LITERAL_NULL_CONVERSION = YES;
				CLANG_WARN_OBJC_IMPLICIT_RETAIN_SELF = YES;
				CLANG_WARN_OBJC_LITERAL_CONVERSION = YES;
				CLANG_WARN_OBJC_ROOT_CLASS = YES_ERROR;
				CLANG_WARN_QUOTED_INCLUDE_IN_FRAMEWORK_HEADER = YES;
				CLANG_WARN_RANGE_LOOP_ANALYSIS = YES;
				CLANG_WARN_STRICT_PROTOTYPES = YES;
				CLANG_WARN_SUSPICIOUS_MOVE = YES;
				CLANG_WARN_UNGUARDED_AVAILABILITY = YES_AGGRESSIVE;
				CLANG_WARN_UNREACHABLE_CODE = YES;
				CLANG_WARN__DUPLICATE_METHOD_MATCH = YES;
				COPY_PHASE_STRIP = NO;
				DEBUG_INFORMATION_FORMAT = "dwarf-with-dsym";
				ENABLE_NS_ASSERTIONS = NO;
				ENABLE_STRICT_OBJC_MSGSEND = YES;
				ENABLE_USER_SCRIPT_SANDBOXING = YES;
				GCC_C_LANGUAGE_STANDARD = gnu17;
				GCC_NO_COMMON_BLOCKS = YES;
				GCC_WARN_64_TO_32_BIT_CONVERSION = YES;
				GCC_WARN_ABOUT_RETURN_TYPE = YES_ERROR;
				GCC_WARN_UNDECLARED_SELECTOR = YES;
				GCC_WARN_UNINITIALIZED_AUTOS = YES_AGGRESSIVE;
				GCC_WARN_UNUSED_FUNCTION = YES;
				GCC_WARN_UNUSED_VARIABLE = YES;
				IPHONEOS_DEPLOYMENT_TARGET = 17.0;
				LOCALIZATION_PREFERS_STRING_CATALOGS = YES;
				MTL_ENABLE_DEBUG_INFO = NO;
				MTL_FAST_MATH = YES;
				SDKROOT = iphoneos;
				SWIFT_COMPILATION_MODE = wholemodule;
				VALIDATE_PRODUCT = YES;
			};
			name = Release;
		};
		8945AC832AD7D7FE001CCE76 /* Debug */ = {
			isa = XCBuildConfiguration;
			buildSettings = {
				ASSETCATALOG_COMPILER_APPICON_NAME = AppIcon;
				ASSETCATALOG_COMPILER_GLOBAL_ACCENT_COLOR_NAME = AccentColor;
				CODE_SIGN_STYLE = Automatic;
				CURRENT_PROJECT_VERSION = 1;
				DEVELOPMENT_ASSET_PATHS = "\"VitalFit/Preview Content\"";
				DEVELOPMENT_TEAM = MA3FM4Y73P;
				ENABLE_PREVIEWS = YES;
				GENERATE_INFOPLIST_FILE = YES;
				INFOPLIST_KEY_UIApplicationSceneManifest_Generation = YES;
				INFOPLIST_KEY_UIApplicationSupportsIndirectInputEvents = YES;
				INFOPLIST_KEY_UILaunchScreen_Generation = YES;
				INFOPLIST_KEY_UISupportedInterfaceOrientations_iPad = "UIInterfaceOrientationPortrait UIInterfaceOrientationPortraitUpsideDown UIInterfaceOrientationLandscapeLeft UIInterfaceOrientationLandscapeRight";
				INFOPLIST_KEY_UISupportedInterfaceOrientations_iPhone = "UIInterfaceOrientationPortrait UIInterfaceOrientationLandscapeLeft UIInterfaceOrientationLandscapeRight";
				LD_RUNPATH_SEARCH_PATHS = (
					"$(inherited)",
					"@executable_path/Frameworks",
				);
				MARKETING_VERSION = 1.0;
				PRODUCT_BUNDLE_IDENTIFIER = com.mxlodyk.VitalFit;
				PRODUCT_NAME = "$(TARGET_NAME)";
				SWIFT_EMIT_LOC_STRINGS = YES;
				SWIFT_VERSION = 5.0;
				TARGETED_DEVICE_FAMILY = "1,2";
			};
			name = Debug;
		};
		8945AC842AD7D7FE001CCE76 /* Release */ = {
			isa = XCBuildConfiguration;
			buildSettings = {
				ASSETCATALOG_COMPILER_APPICON_NAME = AppIcon;
				ASSETCATALOG_COMPILER_GLOBAL_ACCENT_COLOR_NAME = AccentColor;
				CODE_SIGN_STYLE = Automatic;
				CURRENT_PROJECT_VERSION = 1;
				DEVELOPMENT_ASSET_PATHS = "\"VitalFit/Preview Content\"";
				DEVELOPMENT_TEAM = MA3FM4Y73P;
				ENABLE_PREVIEWS = YES;
				GENERATE_INFOPLIST_FILE = YES;
				INFOPLIST_KEY_UIApplicationSceneManifest_Generation = YES;
				INFOPLIST_KEY_UIApplicationSupportsIndirectInputEvents = YES;
				INFOPLIST_KEY_UILaunchScreen_Generation = YES;
				INFOPLIST_KEY_UISupportedInterfaceOrientations_iPad = "UIInterfaceOrientationPortrait UIInterfaceOrientationPortraitUpsideDown UIInterfaceOrientationLandscapeLeft UIInterfaceOrientationLandscapeRight";
				INFOPLIST_KEY_UISupportedInterfaceOrientations_iPhone = "UIInterfaceOrientationPortrait UIInterfaceOrientationLandscapeLeft UIInterfaceOrientationLandscapeRight";
				LD_RUNPATH_SEARCH_PATHS = (
					"$(inherited)",
					"@executable_path/Frameworks",
				);
				MARKETING_VERSION = 1.0;
				PRODUCT_BUNDLE_IDENTIFIER = com.mxlodyk.VitalFit;
				PRODUCT_NAME = "$(TARGET_NAME)";
				SWIFT_EMIT_LOC_STRINGS = YES;
				SWIFT_VERSION = 5.0;
				TARGETED_DEVICE_FAMILY = "1,2";
			};
			name = Release;
		};
		8945AC862AD7D7FE001CCE76 /* Debug */ = {
			isa = XCBuildConfiguration;
			buildSettings = {
				ALWAYS_EMBED_SWIFT_STANDARD_LIBRARIES = YES;
				BUNDLE_LOADER = "$(TEST_HOST)";
				CODE_SIGN_STYLE = Automatic;
				CURRENT_PROJECT_VERSION = 1;
				DEVELOPMENT_TEAM = MA3FM4Y73P;
				GENERATE_INFOPLIST_FILE = YES;
				IPHONEOS_DEPLOYMENT_TARGET = 17.0;
				MARKETING_VERSION = 1.0;
				PRODUCT_BUNDLE_IDENTIFIER = com.mxlodyk.VitalFitTests;
				PRODUCT_NAME = "$(TARGET_NAME)";
				SWIFT_EMIT_LOC_STRINGS = NO;
				SWIFT_VERSION = 5.0;
				TARGETED_DEVICE_FAMILY = "1,2";
				TEST_HOST = "$(BUILT_PRODUCTS_DIR)/VitalFit.app/$(BUNDLE_EXECUTABLE_FOLDER_PATH)/VitalFit";
			};
			name = Debug;
		};
		8945AC872AD7D7FE001CCE76 /* Release */ = {
			isa = XCBuildConfiguration;
			buildSettings = {
				ALWAYS_EMBED_SWIFT_STANDARD_LIBRARIES = YES;
				BUNDLE_LOADER = "$(TEST_HOST)";
				CODE_SIGN_STYLE = Automatic;
				CURRENT_PROJECT_VERSION = 1;
				DEVELOPMENT_TEAM = MA3FM4Y73P;
				GENERATE_INFOPLIST_FILE = YES;
				IPHONEOS_DEPLOYMENT_TARGET = 17.0;
				MARKETING_VERSION = 1.0;
				PRODUCT_BUNDLE_IDENTIFIER = com.mxlodyk.VitalFitTests;
				PRODUCT_NAME = "$(TARGET_NAME)";
				SWIFT_EMIT_LOC_STRINGS = NO;
				SWIFT_VERSION = 5.0;
				TARGETED_DEVICE_FAMILY = "1,2";
				TEST_HOST = "$(BUILT_PRODUCTS_DIR)/VitalFit.app/$(BUNDLE_EXECUTABLE_FOLDER_PATH)/VitalFit";
			};
			name = Release;
		};
		8945AC892AD7D7FE001CCE76 /* Debug */ = {
			isa = XCBuildConfiguration;
			buildSettings = {
				ALWAYS_EMBED_SWIFT_STANDARD_LIBRARIES = YES;
				CODE_SIGN_STYLE = Automatic;
				CURRENT_PROJECT_VERSION = 1;
				DEVELOPMENT_TEAM = MA3FM4Y73P;
				GENERATE_INFOPLIST_FILE = YES;
				MARKETING_VERSION = 1.0;
				PRODUCT_BUNDLE_IDENTIFIER = com.mxlodyk.VitalFitUITests;
				PRODUCT_NAME = "$(TARGET_NAME)";
				SWIFT_EMIT_LOC_STRINGS = NO;
				SWIFT_VERSION = 5.0;
				TARGETED_DEVICE_FAMILY = "1,2";
				TEST_TARGET_NAME = VitalFit;
			};
			name = Debug;
		};
		8945AC8A2AD7D7FE001CCE76 /* Release */ = {
			isa = XCBuildConfiguration;
			buildSettings = {
				ALWAYS_EMBED_SWIFT_STANDARD_LIBRARIES = YES;
				CODE_SIGN_STYLE = Automatic;
				CURRENT_PROJECT_VERSION = 1;
				DEVELOPMENT_TEAM = MA3FM4Y73P;
				GENERATE_INFOPLIST_FILE = YES;
				MARKETING_VERSION = 1.0;
				PRODUCT_BUNDLE_IDENTIFIER = com.mxlodyk.VitalFitUITests;
				PRODUCT_NAME = "$(TARGET_NAME)";
				SWIFT_EMIT_LOC_STRINGS = NO;
				SWIFT_VERSION = 5.0;
				TARGETED_DEVICE_FAMILY = "1,2";
				TEST_TARGET_NAME = VitalFit;
			};
			name = Release;
		};
/* End XCBuildConfiguration section */

/* Begin XCConfigurationList section */
		8945AC592AD7D7FD001CCE76 /* Build configuration list for PBXProject "VitalFit" */ = {
			isa = XCConfigurationList;
			buildConfigurations = (
				8945AC802AD7D7FE001CCE76 /* Debug */,
				8945AC812AD7D7FE001CCE76 /* Release */,
			);
			defaultConfigurationIsVisible = 0;
			defaultConfigurationName = Release;
		};
		8945AC822AD7D7FE001CCE76 /* Build configuration list for PBXNativeTarget "VitalFit" */ = {
			isa = XCConfigurationList;
			buildConfigurations = (
				8945AC832AD7D7FE001CCE76 /* Debug */,
				8945AC842AD7D7FE001CCE76 /* Release */,
			);
			defaultConfigurationIsVisible = 0;
			defaultConfigurationName = Release;
		};
		8945AC852AD7D7FE001CCE76 /* Build configuration list for PBXNativeTarget "VitalFitTests" */ = {
			isa = XCConfigurationList;
			buildConfigurations = (
				8945AC862AD7D7FE001CCE76 /* Debug */,
				8945AC872AD7D7FE001CCE76 /* Release */,
			);
			defaultConfigurationIsVisible = 0;
			defaultConfigurationName = Release;
		};
		8945AC882AD7D7FE001CCE76 /* Build configuration list for PBXNativeTarget "VitalFitUITests" */ = {
			isa = XCConfigurationList;
			buildConfigurations = (
				8945AC892AD7D7FE001CCE76 /* Debug */,
				8945AC8A2AD7D7FE001CCE76 /* Release */,
			);
			defaultConfigurationIsVisible = 0;
			defaultConfigurationName = Release;
		};
/* End XCConfigurationList section */
	};
	rootObject = 8945AC562AD7D7FD001CCE76 /* Project object */;
}
